
Microsoft Visual Studio Solution File, Format Version 12.00
# Visual Studio 14
VisualStudioVersion = 14.0.23107.0
MinimumVisualStudioVersion = 10.0.40219.1
Project("{FAE04EC0-301F-11D3-BF4B-00C04F79EFBC}") = "读取ceres-solver结果", "读取ceres-solver结果\读取ceres-solver结果.csproj", "{EC4C048C-D879-45FA-84B7-D819B0698ACB}"
EndProject
Global
	GlobalSection(SolutionConfigurationPlatforms) = preSolution
		Debug|Any CPU = Debug|Any CPU
		Release|Any CPU = Release|Any CPU
	EndGlobalSection
	GlobalSection(ProjectConfigurationPlatforms) = postSolution
		{EC4C048C-D879-45FA-84B7-D819B0698ACB}.Debug|Any CPU.ActiveCfg = Debug|Any CPU
		{EC4C048C-D879-45FA-84B7-D819B0698ACB}.Debug|Any CPU.Build.0 = Debug|Any CPU
		{EC4C048C-D879-45FA-84B7-D819B0698ACB}.Release|Any CPU.ActiveCfg = Release|Any CPU
		{EC4C048C-D879-45FA-84B7-D819B0698ACB}.Release|Any CPU.Build.0 = Release|Any CPU
	EndGlobalSection
	GlobalSection(SolutionProperties) = preSolution
		HideSolutionNode = FALSE
	EndGlobalSection
EndGlobal
